
Microsoft Visual Studio Solution File, Format Version 12.00
# Visual Studio Version 17
VisualStudioVersion = 17.11.35327.3
MinimumVisualStudioVersion = 10.0.40219.1
Project("{9A19103F-16F7-4668-BE54-9A1E7A4F7556}") = "PharmacuticalE-Commerce", "PharmacuticalE-Commerce.csproj", "{18D59D8C-4035-4766-978D-8F4F14C08E0E}"
EndProject
Global
	GlobalSection(SolutionConfigurationPlatforms) = preSolution
		Debug|Any CPU = Debug|Any CPU
		Release|Any CPU = Release|Any CPU
	EndGlobalSection
	GlobalSection(ProjectConfigurationPlatforms) = postSolution
		{18D59D8C-4035-4766-978D-8F4F14C08E0E}.Debug|Any CPU.ActiveCfg = Debug|Any CPU
		{18D59D8C-4035-4766-978D-8F4F14C08E0E}.Debug|Any CPU.Build.0 = Debug|Any CPU
		{18D59D8C-4035-4766-978D-8F4F14C08E0E}.Release|Any CPU.ActiveCfg = Release|Any CPU
		{18D59D8C-4035-4766-978D-8F4F14C08E0E}.Release|Any CPU.Build.0 = Release|Any CPU
	EndGlobalSection
	GlobalSection(SolutionProperties) = preSolution
		HideSolutionNode = FALSE
	EndGlobalSection
	GlobalSection(ExtensibilityGlobals) = postSolution
		SolutionGuid = {C5B694A3-3FE7-4D15-A875-D61631D4BE82}
	EndGlobalSection
EndGlobal
